
Microsoft Visual Studio Solution File, Format Version 12.00
# Visual Studio Version 17
VisualStudioVersion = 17.2.32516.85
MinimumVisualStudioVersion = 10.0.40219.1
Project("{FAE04EC0-301F-11D3-BF4B-00C04F79EFBC}") = "Challenge13CodeFirst", "Challenge13CodeFirst\Challenge13CodeFirst.csproj", "{DAA5A58E-14FE-4F2C-9F9E-BF1420B07991}"
EndProject
Global
	GlobalSection(SolutionConfigurationPlatforms) = preSolution
		Debug|Any CPU = Debug|Any CPU
		Release|Any CPU = Release|Any CPU
	EndGlobalSection
	GlobalSection(ProjectConfigurationPlatforms) = postSolution
		{DAA5A58E-14FE-4F2C-9F9E-BF1420B07991}.Debug|Any CPU.ActiveCfg = Debug|Any CPU
		{DAA5A58E-14FE-4F2C-9F9E-BF1420B07991}.Debug|Any CPU.Build.0 = Debug|Any CPU
		{DAA5A58E-14FE-4F2C-9F9E-BF1420B07991}.Release|Any CPU.ActiveCfg = Release|Any CPU
		{DAA5A58E-14FE-4F2C-9F9E-BF1420B07991}.Release|Any CPU.Build.0 = Release|Any CPU
	EndGlobalSection
	GlobalSection(SolutionProperties) = preSolution
		HideSolutionNode = FALSE
	EndGlobalSection
	GlobalSection(ExtensibilityGlobals) = postSolution
		SolutionGuid = {8F4EEFDC-1C5D-4789-979E-CF5DCA3CCBAE}
	EndGlobalSection
EndGlobal
